# This file was autogenerated by Stack.
# You should not edit this file by hand.
# For more information, please see the documentation at:
#   https://docs.haskellstack.org/en/stable/lock_files

packages:
- completed:
    hackage: monad-gen-0.3.0.1@sha256:a2569465cfbd468d3350ef25de56b3362580e77537224313aab1210f40804a3b,821
    pantry-tree:
      sha256: a825dc8dcc3ee27dbbc1b71f6853703790ed320249b8f8510bb36d726664e795
      size: 288
  original:
    hackage: monad-gen-0.3.0.1
snapshots:
- completed:
    sha256: d5d2a8f55085643b41a30e9191cbbd4f8f707dd63facdddfbce08d811f808444
    size: 568655
    url: https://raw.githubusercontent.com/commercialhaskell/stackage-snapshots/master/lts/10/5.yaml
  original: lts-10.5
